// !$*UTF8*$!
{
	archiveVersion = 1;
	classes = {
	};
	objectVersion = 48;
	objects = {

/* Begin PBXBuildFile section */
		4AF4A4651EAC700518663A91 /* Pods_SplashStrike.framework in Frameworks */ = {isa = PBXBuildFile; fileRef = 096DF109C4A08E24AC6670A9 /* Pods_SplashStrike.framework */; };
		D50C31C920204954002FCAFB /* home-256.png in Resources */ = {isa = PBXBuildFile; fileRef = D50C31C220204953002FCAFB /* home-256.png */; };
		D50C31CA20204954002FCAFB /* noti_icon3.png in Resources */ = {isa = PBXBuildFile; fileRef = D50C31C320204953002FCAFB /* noti_icon3.png */; };
		D50C31CC20204954002FCAFB /* noti_icon.png in Resources */ = {isa = PBXBuildFile; fileRef = D50C31C520204953002FCAFB /* noti_icon.png */; };
		D50C31CD20204954002FCAFB /* noti_icon4.png in Resources */ = {isa = PBXBuildFile; fileRef = D50C31C620204953002FCAFB /* noti_icon4.png */; };
		D50C31CE20204954002FCAFB /* noti_icon2.png in Resources */ = {isa = PBXBuildFile; fileRef = D50C31C720204953002FCAFB /* noti_icon2.png */; };
		D50C31CF20204954002FCAFB /* stats-icon.png in Resources */ = {isa = PBXBuildFile; fileRef = D50C31C820204953002FCAFB /* stats-icon.png */; };
		D512514920295D620008F17C /* HeaderType.swift in Sources */ = {isa = PBXBuildFile; fileRef = D512514820295D620008F17C /* HeaderType.swift */; };
		D560C06C203127AF005EADAE /* LoginViewController.swift in Sources */ = {isa = PBXBuildFile; fileRef = D560C06B203127AF005EADAE /* LoginViewController.swift */; };
		D560C06E2031292C005EADAE /* JoinViewController.swift in Sources */ = {isa = PBXBuildFile; fileRef = D560C06D2031292C005EADAE /* JoinViewController.swift */; };
		D560C070203146F0005EADAE /* Default-568h@2x.png in Resources */ = {isa = PBXBuildFile; fileRef = D560C06F203146EF005EADAE /* Default-568h@2x.png */; };
		D59905352029981000A33119 /* rules.html in Resources */ = {isa = PBXBuildFile; fileRef = D59905342029981000A33119 /* rules.html */; };
		D599053B2029A80800A33119 /* LineChart.swift in Sources */ = {isa = PBXBuildFile; fileRef = D599053A2029A80800A33119 /* LineChart.swift */; };
		D5990541202AB1C600A33119 /* LeftViewController.swift in Sources */ = {isa = PBXBuildFile; fileRef = D5990540202AB1C600A33119 /* LeftViewController.swift */; };
		D5990543202AB1EB00A33119 /* RightViewController.swift in Sources */ = {isa = PBXBuildFile; fileRef = D5990542202AB1EB00A33119 /* RightViewController.swift */; };
		D5990545202AB1FC00A33119 /* BottomViewController.swift in Sources */ = {isa = PBXBuildFile; fileRef = D5990544202AB1FC00A33119 /* BottomViewController.swift */; };
		D5990547202AD2BE00A33119 /* ScoreCollectionViewCell.swift in Sources */ = {isa = PBXBuildFile; fileRef = D5990546202AD2BE00A33119 /* ScoreCollectionViewCell.swift */; };
		D5AE5658201DB15800656310 /* AppDelegate.swift in Sources */ = {isa = PBXBuildFile; fileRef = D5AE5657201DB15800656310 /* AppDelegate.swift */; };
		D5AE565A201DB15800656310 /* FirstViewController.swift in Sources */ = {isa = PBXBuildFile; fileRef = D5AE5659201DB15800656310 /* FirstViewController.swift */; };
		D5AE565C201DB15800656310 /* SecondViewController.swift in Sources */ = {isa = PBXBuildFile; fileRef = D5AE565B201DB15800656310 /* SecondViewController.swift */; };
		D5AE565F201DB15800656310 /* Main.storyboard in Resources */ = {isa = PBXBuildFile; fileRef = D5AE565D201DB15800656310 /* Main.storyboard */; };
		D5AE5661201DB15800656310 /* Assets.xcassets in Resources */ = {isa = PBXBuildFile; fileRef = D5AE5660201DB15800656310 /* Assets.xcassets */; };
		D5AE5664201DB15800656310 /* LaunchScreen.storyboard in Resources */ = {isa = PBXBuildFile; fileRef = D5AE5662201DB15800656310 /* LaunchScreen.storyboard */; };
		D5AE566C201DB9CD00656310 /* ThirdViewController.swift in Sources */ = {isa = PBXBuildFile; fileRef = D5AE566B201DB9CD00656310 /* ThirdViewController.swift */; };
		D5AE566E201DBA3B00656310 /* FourthViewController.swift in Sources */ = {isa = PBXBuildFile; fileRef = D5AE566D201DBA3B00656310 /* FourthViewController.swift */; };
		D5AE5674201DC2FB00656310 /* FifthViewController.swift in Sources */ = {isa = PBXBuildFile; fileRef = D5AE5673201DC2FB00656310 /* FifthViewController.swift */; };
		D5AE5683201DC56100656310 /* checkmark@2x.png in Resources */ = {isa = PBXBuildFile; fileRef = D5AE5676201DC56100656310 /* checkmark@2x.png */; };
		D5AE5684201DC56100656310 /* connectivity-bar.png in Resources */ = {isa = PBXBuildFile; fileRef = D5AE5677201DC56100656310 /* connectivity-bar.png */; };
		D5AE5685201DC56100656310 /* calendar.png in Resources */ = {isa = PBXBuildFile; fileRef = D5AE5678201DC56100656310 /* calendar.png */; };
		D5AE5686201DC56100656310 /* twitter@2x.png in Resources */ = {isa = PBXBuildFile; fileRef = D5AE5679201DC56100656310 /* twitter@2x.png */; };
		D5AE5687201DC56100656310 /* photo.png in Resources */ = {isa = PBXBuildFile; fileRef = D5AE567A201DC56100656310 /* photo.png */; };
		D5AE5688201DC56100656310 /* designbump@2x.png in Resources */ = {isa = PBXBuildFile; fileRef = D5AE567B201DC56100656310 /* designbump@2x.png */; };
		D5AE5689201DC56100656310 /* rss@2x.png in Resources */ = {isa = PBXBuildFile; fileRef = D5AE567C201DC56100656310 /* rss@2x.png */; };
		D5AE568A201DC56100656310 /* file-tree.png in Resources */ = {isa = PBXBuildFile; fileRef = D5AE567D201DC56100656310 /* file-tree.png */; };
		D5AE568B201DC56100656310 /* google@2x.png in Resources */ = {isa = PBXBuildFile; fileRef = D5AE567E201DC56100656310 /* google@2x.png */; };
		D5AE568C201DC56100656310 /* menubar-bg-mini.png in Resources */ = {isa = PBXBuildFile; fileRef = D5AE567F201DC56100656310 /* menubar-bg-mini.png */; };
		D5AE568D201DC56100656310 /* homes_119.png in Resources */ = {isa = PBXBuildFile; fileRef = D5AE5680201DC56100656310 /* homes_119.png */; };
		D5AE568E201DC56100656310 /* menubar-bg.png in Resources */ = {isa = PBXBuildFile; fileRef = D5AE5681201DC56100656310 /* menubar-bg.png */; };
		D5AE568F201DC56100656310 /* facebook@2x.png in Resources */ = {isa = PBXBuildFile; fileRef = D5AE5682201DC56100656310 /* facebook@2x.png */; };
		D5AE5691201DD1C400656310 /* NewAppDelegate.swift in Sources */ = {isa = PBXBuildFile; fileRef = D5AE5690201DD1C400656310 /* NewAppDelegate.swift */; };
		D5AE5695201DD82400656310 /* more@2x.png in Resources */ = {isa = PBXBuildFile; fileRef = D5AE5692201DD82400656310 /* more@2x.png */; };
		D5AE5696201DD82400656310 /* arrow-back@2x.png in Resources */ = {isa = PBXBuildFile; fileRef = D5AE5693201DD82400656310 /* arrow-back@2x.png */; };
		D5AE5697201DD82400656310 /* swift_logo@3x.png in Resources */ = {isa = PBXBuildFile; fileRef = D5AE5694201DD82400656310 /* swift_logo@3x.png */; };
		D5F142E2202C2ECE001836B0 /* DLRadioButton.m in Sources */ = {isa = PBXBuildFile; fileRef = D5F142E0202C2ECE001836B0 /* DLRadioButton.m */; };
		D5F142F1202D5FF2001836B0 /* Bowling-pins.jpg in Resources */ = {isa = PBXBuildFile; fileRef = D5F142E9202D5FF2001836B0 /* Bowling-pins.jpg */; };
		D5F142F2202D5FF2001836B0 /* bowling_ball.jpg in Resources */ = {isa = PBXBuildFile; fileRef = D5F142EA202D5FF2001836B0 /* bowling_ball.jpg */; };
		D5F142F3202D5FF2001836B0 /* website_Belmonte-2-1.jpg in Resources */ = {isa = PBXBuildFile; fileRef = D5F142EB202D5FF2001836B0 /* website_Belmonte-2-1.jpg */; };
		D5F142F4202D5FF2001836B0 /* 2017PBA03EJTackett6Slider-830x437.jpg in Resources */ = {isa = PBXBuildFile; fileRef = D5F142EC202D5FF2001836B0 /* 2017PBA03EJTackett6Slider-830x437.jpg */; };
		D5F142F5202D5FF2001836B0 /* 4.jpg in Resources */ = {isa = PBXBuildFile; fileRef = D5F142ED202D5FF2001836B0 /* 4.jpg */; };
		D5F142F6202D5FF2001836B0 /* bowling-596766_960_720.jpg in Resources */ = {isa = PBXBuildFile; fileRef = D5F142EE202D5FF2001836B0 /* bowling-596766_960_720.jpg */; };
		D5F142F7202D5FF2001836B0 /* DariaPajakTrophy637.png in Resources */ = {isa = PBXBuildFile; fileRef = D5F142EF202D5FF2001836B0 /* DariaPajakTrophy637.png */; };
		D5F142F8202D5FF2001836B0 /* 2017PWBA07DariaPajakSlider.jpg in Resources */ = {isa = PBXBuildFile; fileRef = D5F142F0202D5FF2001836B0 /* 2017PWBA07DariaPajakSlider.jpg */; };
		D5F142FA202D712D001836B0 /* IntroViewController.swift in Sources */ = {isa = PBXBuildFile; fileRef = D5F142F9202D712D001836B0 /* IntroViewController.swift */; };
		D5F142FC202D78B7001836B0 /* GoogleService-Info.plist in Resources */ = {isa = PBXBuildFile; fileRef = D5F142FB202D78B7001836B0 /* GoogleService-Info.plist */; };
		D5F1437C202D9103001836B0 /* UserInfo.swift in Sources */ = {isa = PBXBuildFile; fileRef = D5F1437A202D9102001836B0 /* UserInfo.swift */; };
		D5F1437D202D9103001836B0 /* Utils.swift in Sources */ = {isa = PBXBuildFile; fileRef = D5F1437B202D9103001836B0 /* Utils.swift */; };
		D5F1437F202D91E4001836B0 /* KakaoOpenSDK.framework in Frameworks */ = {isa = PBXBuildFile; fileRef = D5F1437E202D91E4001836B0 /* KakaoOpenSDK.framework */; };
/* End PBXBuildFile section */

/* Begin PBXFileReference section */
		096DF109C4A08E24AC6670A9 /* Pods_SplashStrike.framework */ = {isa = PBXFileReference; explicitFileType = wrapper.framework; includeInIndex = 0; path = Pods_SplashStrike.framework; sourceTree = BUILT_PRODUCTS_DIR; };
		5C1F6C9A04488E267CBE2CBF /* Pods-SplashStrike.debug.xcconfig */ = {isa = PBXFileReference; includeInIndex = 1; lastKnownFileType = text.xcconfig; name = "Pods-SplashStrike.debug.xcconfig"; path = "Pods/Target Support Files/Pods-SplashStrike/Pods-SplashStrike.debug.xcconfig"; sourceTree = "<group>"; };
		D50C31C220204953002FCAFB /* home-256.png */ = {isa = PBXFileReference; lastKnownFileType = image.png; path = "home-256.png"; sourceTree = "<group>"; };
		D50C31C320204953002FCAFB /* noti_icon3.png */ = {isa = PBXFileReference; lastKnownFileType = image.png; path = noti_icon3.png; sourceTree = "<group>"; };
		D50C31C520204953002FCAFB /* noti_icon.png */ = {isa = PBXFileReference; lastKnownFileType = image.png; path = noti_icon.png; sourceTree = "<group>"; };
		D50C31C620204953002FCAFB /* noti_icon4.png */ = {isa = PBXFileReference; lastKnownFileType = image.png; path = noti_icon4.png; sourceTree = "<group>"; };
		D50C31C720204953002FCAFB /* noti_icon2.png */ = {isa = PBXFileReference; lastKnownFileType = image.png; path = noti_icon2.png; sourceTree = "<group>"; };
		D50C31C820204953002FCAFB /* stats-icon.png */ = {isa = PBXFileReference; lastKnownFileType = image.png; path = "stats-icon.png"; sourceTree = "<group>"; };
		D512514820295D620008F17C /* HeaderType.swift */ = {isa = PBXFileReference; lastKnownFileType = sourcecode.swift; path = HeaderType.swift; sourceTree = "<group>"; };
		D560C06B203127AF005EADAE /* LoginViewController.swift */ = {isa = PBXFileReference; lastKnownFileType = sourcecode.swift; path = LoginViewController.swift; sourceTree = "<group>"; };
		D560C06D2031292C005EADAE /* JoinViewController.swift */ = {isa = PBXFileReference; lastKnownFileType = sourcecode.swift; path = JoinViewController.swift; sourceTree = "<group>"; };
		D560C06F203146EF005EADAE /* Default-568h@2x.png */ = {isa = PBXFileReference; lastKnownFileType = image.png; name = "Default-568h@2x.png"; path = "SplashStrike/Resources/images/Default-568h@2x.png"; sourceTree = "<group>"; };
		D59905342029981000A33119 /* rules.html */ = {isa = PBXFileReference; lastKnownFileType = text.html; path = rules.html; sourceTree = "<group>"; };
		D599053A2029A80800A33119 /* LineChart.swift */ = {isa = PBXFileReference; fileEncoding = 4; lastKnownFileType = sourcecode.swift; path = LineChart.swift; sourceTree = "<group>"; };
		D5990540202AB1C600A33119 /* LeftViewController.swift */ = {isa = PBXFileReference; lastKnownFileType = sourcecode.swift; path = LeftViewController.swift; sourceTree = "<group>"; };
		D5990542202AB1EB00A33119 /* RightViewController.swift */ = {isa = PBXFileReference; lastKnownFileType = sourcecode.swift; path = RightViewController.swift; sourceTree = "<group>"; };
		D5990544202AB1FC00A33119 /* BottomViewController.swift */ = {isa = PBXFileReference; lastKnownFileType = sourcecode.swift; path = BottomViewController.swift; sourceTree = "<group>"; };
		D5990546202AD2BE00A33119 /* ScoreCollectionViewCell.swift */ = {isa = PBXFileReference; lastKnownFileType = sourcecode.swift; path = ScoreCollectionViewCell.swift; sourceTree = "<group>"; };
		D5AE5654201DB15800656310 /* SplashStrike.app */ = {isa = PBXFileReference; explicitFileType = wrapper.application; includeInIndex = 0; path = SplashStrike.app; sourceTree = BUILT_PRODUCTS_DIR; };
		D5AE5657201DB15800656310 /* AppDelegate.swift */ = {isa = PBXFileReference; lastKnownFileType = sourcecode.swift; path = AppDelegate.swift; sourceTree = "<group>"; };
		D5AE5659201DB15800656310 /* FirstViewController.swift */ = {isa = PBXFileReference; lastKnownFileType = sourcecode.swift; path = FirstViewController.swift; sourceTree = "<group>"; };
		D5AE565B201DB15800656310 /* SecondViewController.swift */ = {isa = PBXFileReference; lastKnownFileType = sourcecode.swift; path = SecondViewController.swift; sourceTree = "<group>"; };
		D5AE565E201DB15800656310 /* Base */ = {isa = PBXFileReference; lastKnownFileType = file.storyboard; name = Base; path = Base.lproj/Main.storyboard; sourceTree = "<group>"; };
		D5AE5660201DB15800656310 /* Assets.xcassets */ = {isa = PBXFileReference; lastKnownFileType = folder.assetcatalog; path = Assets.xcassets; sourceTree = "<group>"; };
		D5AE5663201DB15800656310 /* Base */ = {isa = PBXFileReference; lastKnownFileType = file.storyboard; name = Base; path = Base.lproj/LaunchScreen.storyboard; sourceTree = "<group>"; };
		D5AE5665201DB15800656310 /* Info.plist */ = {isa = PBXFileReference; lastKnownFileType = text.plist.xml; path = Info.plist; sourceTree = "<group>"; };
		D5AE566B201DB9CD00656310 /* ThirdViewController.swift */ = {isa = PBXFileReference; lastKnownFileType = sourcecode.swift; path = ThirdViewController.swift; sourceTree = "<group>"; };
		D5AE566D201DBA3B00656310 /* FourthViewController.swift */ = {isa = PBXFileReference; lastKnownFileType = sourcecode.swift; path = FourthViewController.swift; sourceTree = "<group>"; };
		D5AE5673201DC2FB00656310 /* FifthViewController.swift */ = {isa = PBXFileReference; lastKnownFileType = sourcecode.swift; path = FifthViewController.swift; sourceTree = "<group>"; };
		D5AE5676201DC56100656310 /* checkmark@2x.png */ = {isa = PBXFileReference; lastKnownFileType = image.png; path = "checkmark@2x.png"; sourceTree = "<group>"; };
		D5AE5677201DC56100656310 /* connectivity-bar.png */ = {isa = PBXFileReference; lastKnownFileType = image.png; path = "connectivity-bar.png"; sourceTree = "<group>"; };
		D5AE5678201DC56100656310 /* calendar.png */ = {isa = PBXFileReference; lastKnownFileType = image.png; path = calendar.png; sourceTree = "<group>"; };
		D5AE5679201DC56100656310 /* twitter@2x.png */ = {isa = PBXFileReference; lastKnownFileType = image.png; path = "twitter@2x.png"; sourceTree = "<group>"; };
		D5AE567A201DC56100656310 /* photo.png */ = {isa = PBXFileReference; lastKnownFileType = image.png; path = photo.png; sourceTree = "<group>"; };
		D5AE567B201DC56100656310 /* designbump@2x.png */ = {isa = PBXFileReference; lastKnownFileType = image.png; path = "designbump@2x.png"; sourceTree = "<group>"; };
		D5AE567C201DC56100656310 /* rss@2x.png */ = {isa = PBXFileReference; lastKnownFileType = image.png; path = "rss@2x.png"; sourceTree = "<group>"; };
		D5AE567D201DC56100656310 /* file-tree.png */ = {isa = PBXFileReference; lastKnownFileType = image.png; path = "file-tree.png"; sourceTree = "<group>"; };
		D5AE567E201DC56100656310 /* google@2x.png */ = {isa = PBXFileReference; lastKnownFileType = image.png; path = "google@2x.png"; sourceTree = "<group>"; };
		D5AE567F201DC56100656310 /* menubar-bg-mini.png */ = {isa = PBXFileReference; lastKnownFileType = image.png; path = "menubar-bg-mini.png"; sourceTree = "<group>"; };
		D5AE5680201DC56100656310 /* homes_119.png */ = {isa = PBXFileReference; lastKnownFileType = image.png; path = homes_119.png; sourceTree = "<group>"; };
		D5AE5681201DC56100656310 /* menubar-bg.png */ = {isa = PBXFileReference; lastKnownFileType = image.png; path = "menubar-bg.png"; sourceTree = "<group>"; };
		D5AE5682201DC56100656310 /* facebook@2x.png */ = {isa = PBXFileReference; lastKnownFileType = image.png; path = "facebook@2x.png"; sourceTree = "<group>"; };
		D5AE5690201DD1C400656310 /* NewAppDelegate.swift */ = {isa = PBXFileReference; fileEncoding = 4; lastKnownFileType = sourcecode.swift; name = NewAppDelegate.swift; path = SplashStrike/NewAppDelegate.swift; sourceTree = SOURCE_ROOT; };
		D5AE5692201DD82400656310 /* more@2x.png */ = {isa = PBXFileReference; lastKnownFileType = image.png; path = "more@2x.png"; sourceTree = "<group>"; };
		D5AE5693201DD82400656310 /* arrow-back@2x.png */ = {isa = PBXFileReference; lastKnownFileType = image.png; path = "arrow-back@2x.png"; sourceTree = "<group>"; };
		D5AE5694201DD82400656310 /* swift_logo@3x.png */ = {isa = PBXFileReference; lastKnownFileType = image.png; path = "swift_logo@3x.png"; sourceTree = "<group>"; };
		D5F142DA202C1704001836B0 /* Bridging-Header.h */ = {isa = PBXFileReference; lastKnownFileType = sourcecode.c.h; path = "Bridging-Header.h"; sourceTree = "<group>"; };
		D5F142E0202C2ECE001836B0 /* DLRadioButton.m */ = {isa = PBXFileReference; fileEncoding = 4; lastKnownFileType = sourcecode.c.objc; path = DLRadioButton.m; sourceTree = "<group>"; };
		D5F142E1202C2ECE001836B0 /* DLRadioButton.h */ = {isa = PBXFileReference; fileEncoding = 4; lastKnownFileType = sourcecode.c.h; path = DLRadioButton.h; sourceTree = "<group>"; };
		D5F142E9202D5FF2001836B0 /* Bowling-pins.jpg */ = {isa = PBXFileReference; lastKnownFileType = image.jpeg; path = "Bowling-pins.jpg"; sourceTree = "<group>"; };
		D5F142EA202D5FF2001836B0 /* bowling_ball.jpg */ = {isa = PBXFileReference; lastKnownFileType = image.jpeg; path = bowling_ball.jpg; sourceTree = "<group>"; };
		D5F142EB202D5FF2001836B0 /* website_Belmonte-2-1.jpg */ = {isa = PBXFileReference; lastKnownFileType = image.jpeg; path = "website_Belmonte-2-1.jpg"; sourceTree = "<group>"; };
		D5F142EC202D5FF2001836B0 /* 2017PBA03EJTackett6Slider-830x437.jpg */ = {isa = PBXFileReference; lastKnownFileType = image.jpeg; path = "2017PBA03EJTackett6Slider-830x437.jpg"; sourceTree = "<group>"; };
		D5F142ED202D5FF2001836B0 /* 4.jpg */ = {isa = PBXFileReference; lastKnownFileType = image.jpeg; path = 4.jpg; sourceTree = "<group>"; };
		D5F142EE202D5FF2001836B0 /* bowling-596766_960_720.jpg */ = {isa = PBXFileReference; lastKnownFileType = image.jpeg; path = "bowling-596766_960_720.jpg"; sourceTree = "<group>"; };
		D5F142EF202D5FF2001836B0 /* DariaPajakTrophy637.png */ = {isa = PBXFileReference; lastKnownFileType = image.png; path = DariaPajakTrophy637.png; sourceTree = "<group>"; };
		D5F142F0202D5FF2001836B0 /* 2017PWBA07DariaPajakSlider.jpg */ = {isa = PBXFileReference; lastKnownFileType = image.jpeg; path = 2017PWBA07DariaPajakSlider.jpg; sourceTree = "<group>"; };
		D5F142F9202D712D001836B0 /* IntroViewController.swift */ = {isa = PBXFileReference; lastKnownFileType = sourcecode.swift; path = IntroViewController.swift; sourceTree = "<group>"; };
		D5F142FB202D78B7001836B0 /* GoogleService-Info.plist */ = {isa = PBXFileReference; fileEncoding = 4; lastKnownFileType = text.plist.xml; path = "GoogleService-Info.plist"; sourceTree = "<group>"; };
		D5F1437A202D9102001836B0 /* UserInfo.swift */ = {isa = PBXFileReference; fileEncoding = 4; lastKnownFileType = sourcecode.swift; path = UserInfo.swift; sourceTree = "<group>"; };
		D5F1437B202D9103001836B0 /* Utils.swift */ = {isa = PBXFileReference; fileEncoding = 4; lastKnownFileType = sourcecode.swift; path = Utils.swift; sourceTree = "<group>"; };
		D5F1437E202D91E4001836B0 /* KakaoOpenSDK.framework */ = {isa = PBXFileReference; lastKnownFileType = wrapper.framework; path = KakaoOpenSDK.framework; sourceTree = "<group>"; };
		EB64F1892B0E21B6A61E0EA4 /* Pods-SplashStrike.release.xcconfig */ = {isa = PBXFileReference; includeInIndex = 1; lastKnownFileType = text.xcconfig; name = "Pods-SplashStrike.release.xcconfig"; path = "Pods/Target Support Files/Pods-SplashStrike/Pods-SplashStrike.release.xcconfig"; sourceTree = "<group>"; };
/* End PBXFileReference section */

/* Begin PBXFrameworksBuildPhase section */
		D5AE5651201DB15800656310 /* Frameworks */ = {
			isa = PBXFrameworksBuildPhase;
			buildActionMask = 2147483647;
			files = (
				4AF4A4651EAC700518663A91 /* Pods_SplashStrike.framework in Frameworks */,
				D5F1437F202D91E4001836B0 /* KakaoOpenSDK.framework in Frameworks */,
			);
			runOnlyForDeploymentPostprocessing = 0;
		};
/* End PBXFrameworksBuildPhase section */

/* Begin PBXGroup section */
		71B14997E8E8C964A4C0AF05 /* Frameworks */ = {
			isa = PBXGroup;
			children = (
				D5F1437E202D91E4001836B0 /* KakaoOpenSDK.framework */,
				096DF109C4A08E24AC6670A9 /* Pods_SplashStrike.framework */,
			);
			name = Frameworks;
			sourceTree = "<group>";
		};
		9225F74375A9EEE811175D35 /* Pods */ = {
			isa = PBXGroup;
			children = (
				5C1F6C9A04488E267CBE2CBF /* Pods-SplashStrike.debug.xcconfig */,
				EB64F1892B0E21B6A61E0EA4 /* Pods-SplashStrike.release.xcconfig */,
			);
			name = Pods;
			sourceTree = "<group>";
		};
		D59905362029984E00A33119 /* images */ = {
			isa = PBXGroup;
			children = (
				D50C31C220204953002FCAFB /* home-256.png */,
				D50C31C520204953002FCAFB /* noti_icon.png */,
				D50C31C720204953002FCAFB /* noti_icon2.png */,
				D50C31C320204953002FCAFB /* noti_icon3.png */,
				D50C31C620204953002FCAFB /* noti_icon4.png */,
				D50C31C820204953002FCAFB /* stats-icon.png */,
				D5AE5693201DD82400656310 /* arrow-back@2x.png */,
				D5AE5692201DD82400656310 /* more@2x.png */,
				D5AE5694201DD82400656310 /* swift_logo@3x.png */,
				D5AE5678201DC56100656310 /* calendar.png */,
				D5AE5676201DC56100656310 /* checkmark@2x.png */,
				D5AE5677201DC56100656310 /* connectivity-bar.png */,
				D5AE567B201DC56100656310 /* designbump@2x.png */,
				D5AE5682201DC56100656310 /* facebook@2x.png */,
				D5AE567D201DC56100656310 /* file-tree.png */,
				D5AE567E201DC56100656310 /* google@2x.png */,
				D5AE5680201DC56100656310 /* homes_119.png */,
				D5AE567F201DC56100656310 /* menubar-bg-mini.png */,
				D5AE5681201DC56100656310 /* menubar-bg.png */,
				D5AE567A201DC56100656310 /* photo.png */,
				D5AE567C201DC56100656310 /* rss@2x.png */,
				D5AE5679201DC56100656310 /* twitter@2x.png */,
			);
			path = images;
			sourceTree = "<group>";
		};
		D59905372029986100A33119 /* html */ = {
			isa = PBXGroup;
			children = (
				D59905342029981000A33119 /* rules.html */,
			);
			path = html;
			sourceTree = "<group>";
		};
		D59905382029987C00A33119 /* js */ = {
			isa = PBXGroup;
			children = (
			);
			path = js;
			sourceTree = "<group>";
		};
		D59905392029988400A33119 /* css */ = {
			isa = PBXGroup;
			children = (
			);
			path = css;
			sourceTree = "<group>";
		};
		D5AE564B201DB15800656310 = {
			isa = PBXGroup;
			children = (
				D560C06F203146EF005EADAE /* Default-568h@2x.png */,
				D5AE5656201DB15800656310 /* SplashStrike */,
				D5AE5655201DB15800656310 /* Products */,
				9225F74375A9EEE811175D35 /* Pods */,
				71B14997E8E8C964A4C0AF05 /* Frameworks */,
			);
			sourceTree = "<group>";
		};
		D5AE5655201DB15800656310 /* Products */ = {
			isa = PBXGroup;
			children = (
				D5AE5654201DB15800656310 /* SplashStrike.app */,
			);
			name = Products;
			sourceTree = "<group>";
		};
		D5AE5656201DB15800656310 /* SplashStrike */ = {
			isa = PBXGroup;
			children = (
				D5F1437A202D9102001836B0 /* UserInfo.swift */,
				D5F1437B202D9103001836B0 /* Utils.swift */,
				D5AE5665201DB15800656310 /* Info.plist */,
				D5AE5690201DD1C400656310 /* NewAppDelegate.swift */,
				D5AE5657201DB15800656310 /* AppDelegate.swift */,
				D5F142E3202C327C001836B0 /* Supporting Files */,
				D5F142E1202C2ECE001836B0 /* DLRadioButton.h */,
				D5F142E0202C2ECE001836B0 /* DLRadioButton.m */,
				D599053A2029A80800A33119 /* LineChart.swift */,
				D5AE5675201DC50300656310 /* Resources */,
				D5AE5659201DB15800656310 /* FirstViewController.swift */,
				D5AE565B201DB15800656310 /* SecondViewController.swift */,
				D5AE565D201DB15800656310 /* Main.storyboard */,
				D5AE5660201DB15800656310 /* Assets.xcassets */,
				D5AE5662201DB15800656310 /* LaunchScreen.storyboard */,
				D5AE566B201DB9CD00656310 /* ThirdViewController.swift */,
				D5AE566D201DBA3B00656310 /* FourthViewController.swift */,
				D5AE5673201DC2FB00656310 /* FifthViewController.swift */,
				D512514820295D620008F17C /* HeaderType.swift */,
				D5990540202AB1C600A33119 /* LeftViewController.swift */,
				D5990542202AB1EB00A33119 /* RightViewController.swift */,
				D5990544202AB1FC00A33119 /* BottomViewController.swift */,
				D5990546202AD2BE00A33119 /* ScoreCollectionViewCell.swift */,
				D5F142DA202C1704001836B0 /* Bridging-Header.h */,
				D5F142F9202D712D001836B0 /* IntroViewController.swift */,
				D560C06B203127AF005EADAE /* LoginViewController.swift */,
				D560C06D2031292C005EADAE /* JoinViewController.swift */,
			);
			path = SplashStrike;
			sourceTree = "<group>";
		};
		D5AE5675201DC50300656310 /* Resources */ = {
			isa = PBXGroup;
			children = (
				D5F142E8202D5FF2001836B0 /* bowling */,
				D59905392029988400A33119 /* css */,
				D59905382029987C00A33119 /* js */,
				D59905372029986100A33119 /* html */,
				D59905362029984E00A33119 /* images */,
			);
			path = Resources;
			sourceTree = "<group>";
		};
		D5F142E3202C327C001836B0 /* Supporting Files */ = {
			isa = PBXGroup;
			children = (
				D5F142FB202D78B7001836B0 /* GoogleService-Info.plist */,
			);
			path = "Supporting Files";
			sourceTree = SOURCE_ROOT;
		};
		D5F142E8202D5FF2001836B0 /* bowling */ = {
			isa = PBXGroup;
			children = (
				D5F142E9202D5FF2001836B0 /* Bowling-pins.jpg */,
				D5F142EA202D5FF2001836B0 /* bowling_ball.jpg */,
				D5F142EB202D5FF2001836B0 /* website_Belmonte-2-1.jpg */,
				D5F142EC202D5FF2001836B0 /* 2017PBA03EJTackett6Slider-830x437.jpg */,
				D5F142ED202D5FF2001836B0 /* 4.jpg */,
				D5F142EE202D5FF2001836B0 /* bowling-596766_960_720.jpg */,
				D5F142EF202D5FF2001836B0 /* DariaPajakTrophy637.png */,
				D5F142F0202D5FF2001836B0 /* 2017PWBA07DariaPajakSlider.jpg */,
			);
			path = bowling;
			sourceTree = "<group>";
		};
/* End PBXGroup section */

/* Begin PBXNativeTarget section */
		D5AE5653201DB15800656310 /* SplashStrike */ = {
			isa = PBXNativeTarget;
			buildConfigurationList = D5AE5668201DB15800656310 /* Build configuration list for PBXNativeTarget "SplashStrike" */;
			buildPhases = (
				5B9DD3CD86AE7F7710017C48 /* [CP] Check Pods Manifest.lock */,
				D5AE5650201DB15800656310 /* Sources */,
				D5AE5651201DB15800656310 /* Frameworks */,
				D5AE5652201DB15800656310 /* Resources */,
				5ECF7FDE6028613F69F7F964 /* [CP] Embed Pods Frameworks */,
				CC13493E8EC0673016BD524F /* [CP] Copy Pods Resources */,
			);
			buildRules = (
			);
			dependencies = (
			);
			name = SplashStrike;
			productName = SplashStrike;
			productReference = D5AE5654201DB15800656310 /* SplashStrike.app */;
			productType = "com.apple.product-type.application";
		};
/* End PBXNativeTarget section */

/* Begin PBXProject section */
		D5AE564C201DB15800656310 /* Project object */ = {
			isa = PBXProject;
			attributes = {
				LastSwiftUpdateCheck = 0920;
				LastUpgradeCheck = 0920;
				ORGANIZATIONNAME = "Hong, Sang Ho (홍상호)";
				TargetAttributes = {
					D5AE5653201DB15800656310 = {
						CreatedOnToolsVersion = 9.2;
						LastSwiftMigration = 0920;
						ProvisioningStyle = Automatic;
					};
				};
			};
			buildConfigurationList = D5AE564F201DB15800656310 /* Build configuration list for PBXProject "SplashStrike" */;
			compatibilityVersion = "Xcode 8.0";
			developmentRegion = en;
			hasScannedForEncodings = 0;
			knownRegions = (
				en,
				Base,
			);
			mainGroup = D5AE564B201DB15800656310;
			productRefGroup = D5AE5655201DB15800656310 /* Products */;
			projectDirPath = "";
			projectRoot = "";
			targets = (
				D5AE5653201DB15800656310 /* SplashStrike */,
			);
		};
/* End PBXProject section */

/* Begin PBXResourcesBuildPhase section */
		D5AE5652201DB15800656310 /* Resources */ = {
			isa = PBXResourcesBuildPhase;
			buildActionMask = 2147483647;
			files = (
				D5AE568D201DC56100656310 /* homes_119.png in Resources */,
				D5F142F8202D5FF2001836B0 /* 2017PWBA07DariaPajakSlider.jpg in Resources */,
				D5F142F6202D5FF2001836B0 /* bowling-596766_960_720.jpg in Resources */,
				D5AE5664201DB15800656310 /* LaunchScreen.storyboard in Resources */,
				D5AE568A201DC56100656310 /* file-tree.png in Resources */,
				D50C31CC20204954002FCAFB /* noti_icon.png in Resources */,
				D5AE5685201DC56100656310 /* calendar.png in Resources */,
				D5AE5661201DB15800656310 /* Assets.xcassets in Resources */,
				D50C31CE20204954002FCAFB /* noti_icon2.png in Resources */,
				D5AE5683201DC56100656310 /* checkmark@2x.png in Resources */,
				D5F142F5202D5FF2001836B0 /* 4.jpg in Resources */,
				D50C31CD20204954002FCAFB /* noti_icon4.png in Resources */,
				D5F142F4202D5FF2001836B0 /* 2017PBA03EJTackett6Slider-830x437.jpg in Resources */,
				D50C31C920204954002FCAFB /* home-256.png in Resources */,
				D5AE568F201DC56100656310 /* facebook@2x.png in Resources */,
				D5F142F2202D5FF2001836B0 /* bowling_ball.jpg in Resources */,
				D50C31CA20204954002FCAFB /* noti_icon3.png in Resources */,
				D5AE568C201DC56100656310 /* menubar-bg-mini.png in Resources */,
				D5AE5695201DD82400656310 /* more@2x.png in Resources */,
				D5AE5684201DC56100656310 /* connectivity-bar.png in Resources */,
				D5AE5689201DC56100656310 /* rss@2x.png in Resources */,
				D5AE5697201DD82400656310 /* swift_logo@3x.png in Resources */,
				D5F142F7202D5FF2001836B0 /* DariaPajakTrophy637.png in Resources */,
				D5AE5696201DD82400656310 /* arrow-back@2x.png in Resources */,
				D5AE568B201DC56100656310 /* google@2x.png in Resources */,
				D5F142F1202D5FF2001836B0 /* Bowling-pins.jpg in Resources */,
				D5AE565F201DB15800656310 /* Main.storyboard in Resources */,
				D5F142FC202D78B7001836B0 /* GoogleService-Info.plist in Resources */,
				D5AE5688201DC56100656310 /* designbump@2x.png in Resources */,
				D560C070203146F0005EADAE /* Default-568h@2x.png in Resources */,
				D50C31CF20204954002FCAFB /* stats-icon.png in Resources */,
				D5AE568E201DC56100656310 /* menubar-bg.png in Resources */,
				D5AE5687201DC56100656310 /* photo.png in Resources */,
				D59905352029981000A33119 /* rules.html in Resources */,
				D5F142F3202D5FF2001836B0 /* website_Belmonte-2-1.jpg in Resources */,
				D5AE5686201DC56100656310 /* twitter@2x.png in Resources */,
			);
			runOnlyForDeploymentPostprocessing = 0;
		};
/* End PBXResourcesBuildPhase section */

/* Begin PBXShellScriptBuildPhase section */
		5B9DD3CD86AE7F7710017C48 /* [CP] Check Pods Manifest.lock */ = {
			isa = PBXShellScriptBuildPhase;
			buildActionMask = 2147483647;
			files = (
			);
			inputPaths = (
				"${PODS_PODFILE_DIR_PATH}/Podfile.lock",
				"${PODS_ROOT}/Manifest.lock",
			);
			name = "[CP] Check Pods Manifest.lock";
			outputPaths = (
				"$(DERIVED_FILE_DIR)/Pods-SplashStrike-checkManifestLockResult.txt",
			);
			runOnlyForDeploymentPostprocessing = 0;
			shellPath = /bin/sh;
			shellScript = "diff \"${PODS_PODFILE_DIR_PATH}/Podfile.lock\" \"${PODS_ROOT}/Manifest.lock\" > /dev/null\nif [ $? != 0 ] ; then\n    # print error to STDERR\n    echo \"error: The sandbox is not in sync with the Podfile.lock. Run 'pod install' or update your CocoaPods installation.\" >&2\n    exit 1\nfi\n# This output is used by Xcode 'outputs' to avoid re-running this script phase.\necho \"SUCCESS\" > \"${SCRIPT_OUTPUT_FILE_0}\"\n";
			showEnvVarsInLog = 0;
		};
		5ECF7FDE6028613F69F7F964 /* [CP] Embed Pods Frameworks */ = {
			isa = PBXShellScriptBuildPhase;
			buildActionMask = 2147483647;
			files = (
			);
			inputPaths = (
				"${SRCROOT}/Pods/Target Support Files/Pods-SplashStrike/Pods-SplashStrike-frameworks.sh",
				"${BUILT_PRODUCTS_DIR}/Bolts/Bolts.framework",
				"${BUILT_PRODUCTS_DIR}/FBSDKCoreKit/FBSDKCoreKit.framework",
				"${BUILT_PRODUCTS_DIR}/FBSDKLoginKit/FBSDKLoginKit.framework",
				"${BUILT_PRODUCTS_DIR}/FBSDKShareKit/FBSDKShareKit.framework",
				"${BUILT_PRODUCTS_DIR}/FacebookCore/FacebookCore.framework",
				"${BUILT_PRODUCTS_DIR}/FacebookLogin/FacebookLogin.framework",
				"${BUILT_PRODUCTS_DIR}/FacebookShare/FacebookShare.framework",
				"${BUILT_PRODUCTS_DIR}/GTMOAuth2/GTMOAuth2.framework",
				"${BUILT_PRODUCTS_DIR}/GTMSessionFetcher/GTMSessionFetcher.framework",
				"${BUILT_PRODUCTS_DIR}/GoogleToolboxForMac/GoogleToolboxForMac.framework",
				"${BUILT_PRODUCTS_DIR}/leveldb-library/leveldb.framework",
				"${BUILT_PRODUCTS_DIR}/nanopb/nanopb.framework",
			);
			name = "[CP] Embed Pods Frameworks";
			outputPaths = (
				"${TARGET_BUILD_DIR}/${FRAMEWORKS_FOLDER_PATH}/Bolts.framework",
				"${TARGET_BUILD_DIR}/${FRAMEWORKS_FOLDER_PATH}/FBSDKCoreKit.framework",
				"${TARGET_BUILD_DIR}/${FRAMEWORKS_FOLDER_PATH}/FBSDKLoginKit.framework",
				"${TARGET_BUILD_DIR}/${FRAMEWORKS_FOLDER_PATH}/FBSDKShareKit.framework",
				"${TARGET_BUILD_DIR}/${FRAMEWORKS_FOLDER_PATH}/FacebookCore.framework",
				"${TARGET_BUILD_DIR}/${FRAMEWORKS_FOLDER_PATH}/FacebookLogin.framework",
				"${TARGET_BUILD_DIR}/${FRAMEWORKS_FOLDER_PATH}/FacebookShare.framework",
				"${TARGET_BUILD_DIR}/${FRAMEWORKS_FOLDER_PATH}/GTMOAuth2.framework",
				"${TARGET_BUILD_DIR}/${FRAMEWORKS_FOLDER_PATH}/GTMSessionFetcher.framework",
				"${TARGET_BUILD_DIR}/${FRAMEWORKS_FOLDER_PATH}/GoogleToolboxForMac.framework",
				"${TARGET_BUILD_DIR}/${FRAMEWORKS_FOLDER_PATH}/leveldb.framework",
				"${TARGET_BUILD_DIR}/${FRAMEWORKS_FOLDER_PATH}/nanopb.framework",
			);
			runOnlyForDeploymentPostprocessing = 0;
			shellPath = /bin/sh;
			shellScript = "\"${SRCROOT}/Pods/Target Support Files/Pods-SplashStrike/Pods-SplashStrike-frameworks.sh\"\n";
			showEnvVarsInLog = 0;
		};
		CC13493E8EC0673016BD524F /* [CP] Copy Pods Resources */ = {
			isa = PBXShellScriptBuildPhase;
			buildActionMask = 2147483647;
			files = (
			);
			inputPaths = (
				"${SRCROOT}/Pods/Target Support Files/Pods-SplashStrike/Pods-SplashStrike-resources.sh",
				"${PODS_ROOT}/GoogleSignIn/Resources/GoogleSignIn.bundle",
			);
			name = "[CP] Copy Pods Resources";
			outputPaths = (
				"${TARGET_BUILD_DIR}/${UNLOCALIZED_RESOURCES_FOLDER_PATH}/GoogleSignIn.bundle",
			);
			runOnlyForDeploymentPostprocessing = 0;
			shellPath = /bin/sh;
			shellScript = "\"${SRCROOT}/Pods/Target Support Files/Pods-SplashStrike/Pods-SplashStrike-resources.sh\"\n";
			showEnvVarsInLog = 0;
		};
/* End PBXShellScriptBuildPhase section */

/* Begin PBXSourcesBuildPhase section */
		D5AE5650201DB15800656310 /* Sources */ = {
			isa = PBXSourcesBuildPhase;
			buildActionMask = 2147483647;
			files = (
				D5F142FA202D712D001836B0 /* IntroViewController.swift in Sources */,
				D560C06C203127AF005EADAE /* LoginViewController.swift in Sources */,
				D5AE565C201DB15800656310 /* SecondViewController.swift in Sources */,
				D5AE5691201DD1C400656310 /* NewAppDelegate.swift in Sources */,
				D599053B2029A80800A33119 /* LineChart.swift in Sources */,
				D5F1437C202D9103001836B0 /* UserInfo.swift in Sources */,
				D5990543202AB1EB00A33119 /* RightViewController.swift in Sources */,
				D5990541202AB1C600A33119 /* LeftViewController.swift in Sources */,
				D5990545202AB1FC00A33119 /* BottomViewController.swift in Sources */,
				D5AE5658201DB15800656310 /* AppDelegate.swift in Sources */,
				D5F1437D202D9103001836B0 /* Utils.swift in Sources */,
				D5AE566C201DB9CD00656310 /* ThirdViewController.swift in Sources */,
				D5AE565A201DB15800656310 /* FirstViewController.swift in Sources */,
				D5F142E2202C2ECE001836B0 /* DLRadioButton.m in Sources */,
				D5990547202AD2BE00A33119 /* ScoreCollectionViewCell.swift in Sources */,
				D560C06E2031292C005EADAE /* JoinViewController.swift in Sources */,
				D5AE566E201DBA3B00656310 /* FourthViewController.swift in Sources */,
				D512514920295D620008F17C /* HeaderType.swift in Sources */,
				D5AE5674201DC2FB00656310 /* FifthViewController.swift in Sources */,
			);
			runOnlyForDeploymentPostprocessing = 0;
		};
/* End PBXSourcesBuildPhase section */

/* Begin PBXVariantGroup section */
		D5AE565D201DB15800656310 /* Main.storyboard */ = {
			isa = PBXVariantGroup;
			children = (
				D5AE565E201DB15800656310 /* Base */,
			);
			name = Main.storyboard;
			sourceTree = "<group>";
		};
		D5AE5662201DB15800656310 /* LaunchScreen.storyboard */ = {
			isa = PBXVariantGroup;
			children = (
				D5AE5663201DB15800656310 /* Base */,
			);
			name = LaunchScreen.storyboard;
			sourceTree = "<group>";
		};
/* End PBXVariantGroup section */

/* Begin XCBuildConfiguration section */
		D5AE5666201DB15800656310 /* Debug */ = {
			isa = XCBuildConfiguration;
			buildSettings = {
				ALWAYS_SEARCH_USER_PATHS = NO;
				CLANG_ANALYZER_NONNULL = YES;
				CLANG_ANALYZER_NUMBER_OBJECT_CONVERSION = YES_AGGRESSIVE;
				CLANG_CXX_LANGUAGE_STANDARD = "gnu++14";
				CLANG_CXX_LIBRARY = "libc++";
				CLANG_ENABLE_MODULES = YES;
				CLANG_ENABLE_OBJC_ARC = YES;
				CLANG_WARN_BLOCK_CAPTURE_AUTORELEASING = YES;
				CLANG_WARN_BOOL_CONVERSION = YES;
				CLANG_WARN_COMMA = YES;
				CLANG_WARN_CONSTANT_CONVERSION = YES;
				CLANG_WARN_DIRECT_OBJC_ISA_USAGE = YES_ERROR;
				CLANG_WARN_DOCUMENTATION_COMMENTS = YES;
				CLANG_WARN_EMPTY_BODY = YES;
				CLANG_WARN_ENUM_CONVERSION = YES;
				CLANG_WARN_INFINITE_RECURSION = YES;
				CLANG_WARN_INT_CONVERSION = YES;
				CLANG_WARN_NON_LITERAL_NULL_CONVERSION = YES;
				CLANG_WARN_OBJC_LITERAL_CONVERSION = YES;
				CLANG_WARN_OBJC_ROOT_CLASS = YES_ERROR;
				CLANG_WARN_RANGE_LOOP_ANALYSIS = YES;
				CLANG_WARN_STRICT_PROTOTYPES = YES;
				CLANG_WARN_SUSPICIOUS_MOVE = YES;
				CLANG_WARN_UNGUARDED_AVAILABILITY = YES_AGGRESSIVE;
				CLANG_WARN_UNREACHABLE_CODE = YES;
				CLANG_WARN__DUPLICATE_METHOD_MATCH = YES;
				CODE_SIGN_IDENTITY = "iPhone Developer";
				COPY_PHASE_STRIP = NO;
				DEBUG_INFORMATION_FORMAT = dwarf;
				ENABLE_STRICT_OBJC_MSGSEND = YES;
				ENABLE_TESTABILITY = YES;
				GCC_C_LANGUAGE_STANDARD = gnu11;
				GCC_DYNAMIC_NO_PIC = NO;
				GCC_NO_COMMON_BLOCKS = YES;
				GCC_OPTIMIZATION_LEVEL = 0;
				GCC_PREPROCESSOR_DEFINITIONS = (
					"DEBUG=1",
					"$(inherited)",
				);
				GCC_WARN_64_TO_32_BIT_CONVERSION = YES;
				GCC_WARN_ABOUT_RETURN_TYPE = YES_ERROR;
				GCC_WARN_UNDECLARED_SELECTOR = YES;
				GCC_WARN_UNINITIALIZED_AUTOS = YES_AGGRESSIVE;
				GCC_WARN_UNUSED_FUNCTION = YES;
				GCC_WARN_UNUSED_VARIABLE = YES;
				IPHONEOS_DEPLOYMENT_TARGET = 11.2;
				MTL_ENABLE_DEBUG_INFO = YES;
				ONLY_ACTIVE_ARCH = YES;
				SDKROOT = iphoneos;
				SWIFT_ACTIVE_COMPILATION_CONDITIONS = DEBUG;
				SWIFT_OPTIMIZATION_LEVEL = "-Onone";
			};
			name = Debug;
		};
		D5AE5667201DB15800656310 /* Release */ = {
			isa = XCBuildConfiguration;
			buildSettings = {
				ALWAYS_SEARCH_USER_PATHS = NO;
				CLANG_ANALYZER_NONNULL = YES;
				CLANG_ANALYZER_NUMBER_OBJECT_CONVERSION = YES_AGGRESSIVE;
				CLANG_CXX_LANGUAGE_STANDARD = "gnu++14";
				CLANG_CXX_LIBRARY = "libc++";
				CLANG_ENABLE_MODULES = YES;
				CLANG_ENABLE_OBJC_ARC = YES;
				CLANG_WARN_BLOCK_CAPTURE_AUTORELEASING = YES;
				CLANG_WARN_BOOL_CONVERSION = YES;
				CLANG_WARN_COMMA = YES;
				CLANG_WARN_CONSTANT_CONVERSION = YES;
				CLANG_WARN_DIRECT_OBJC_ISA_USAGE = YES_ERROR;
				CLANG_WARN_DOCUMENTATION_COMMENTS = YES;
				CLANG_WARN_EMPTY_BODY = YES;
				CLANG_WARN_ENUM_CONVERSION = YES;
				CLANG_WARN_INFINITE_RECURSION = YES;
				CLANG_WARN_INT_CONVERSION = YES;
				CLANG_WARN_NON_LITERAL_NULL_CONVERSION = YES;
				CLANG_WARN_OBJC_LITERAL_CONVERSION = YES;
				CLANG_WARN_OBJC_ROOT_CLASS = YES_ERROR;
				CLANG_WARN_RANGE_LOOP_ANALYSIS = YES;
				CLANG_WARN_STRICT_PROTOTYPES = YES;
				CLANG_WARN_SUSPICIOUS_MOVE = YES;
				CLANG_WARN_UNGUARDED_AVAILABILITY = YES_AGGRESSIVE;
				CLANG_WARN_UNREACHABLE_CODE = YES;
				CLANG_WARN__DUPLICATE_METHOD_MATCH = YES;
				CODE_SIGN_IDENTITY = "iPhone Developer";
				COPY_PHASE_STRIP = NO;
				DEBUG_INFORMATION_FORMAT = "dwarf-with-dsym";
				ENABLE_NS_ASSERTIONS = NO;
				ENABLE_STRICT_OBJC_MSGSEND = YES;
				GCC_C_LANGUAGE_STANDARD = gnu11;
				GCC_NO_COMMON_BLOCKS = YES;
				GCC_WARN_64_TO_32_BIT_CONVERSION = YES;
				GCC_WARN_ABOUT_RETURN_TYPE = YES_ERROR;
				GCC_WARN_UNDECLARED_SELECTOR = YES;
				GCC_WARN_UNINITIALIZED_AUTOS = YES_AGGRESSIVE;
				GCC_WARN_UNUSED_FUNCTION = YES;
				GCC_WARN_UNUSED_VARIABLE = YES;
				IPHONEOS_DEPLOYMENT_TARGET = 11.2;
				MTL_ENABLE_DEBUG_INFO = NO;
				SDKROOT = iphoneos;
				SWIFT_OPTIMIZATION_LEVEL = "-Owholemodule";
				VALIDATE_PRODUCT = YES;
			};
			name = Release;
		};
		D5AE5669201DB15800656310 /* Debug */ = {
			isa = XCBuildConfiguration;
			baseConfigurationReference = 5C1F6C9A04488E267CBE2CBF /* Pods-SplashStrike.debug.xcconfig */;
			buildSettings = {
				ASSETCATALOG_COMPILER_APPICON_NAME = AppIcon;
				CLANG_ENABLE_MODULES = YES;
				CODE_SIGN_STYLE = Automatic;
				DEVELOPMENT_TEAM = "";
				FRAMEWORK_SEARCH_PATHS = (
					"$(inherited)",
					"$(PROJECT_DIR)/Frameworks",
					"$(PROJECT_DIR)",
				);
				INFOPLIST_FILE = SplashStrike/Info.plist;
				LD_RUNPATH_SEARCH_PATHS = "$(inherited) @executable_path/Frameworks";
				NEW_SETTING = "";
				PRODUCT_BUNDLE_IDENTIFIER = com.blabola.SplashStrike;
				PRODUCT_NAME = "$(TARGET_NAME)";
				SWIFT_OBJC_BRIDGING_HEADER = "./SplashStrike/Bridging-Header.h";
				SWIFT_OPTIMIZATION_LEVEL = "-Onone";
				SWIFT_VERSION = 4.0;
				TARGETED_DEVICE_FAMILY = "1,2";
			};
			name = Debug;
		};
		D5AE566A201DB15800656310 /* Release */ = {
			isa = XCBuildConfiguration;
			baseConfigurationReference = EB64F1892B0E21B6A61E0EA4 /* Pods-SplashStrike.release.xcconfig */;
			buildSettings = {
				ASSETCATALOG_COMPILER_APPICON_NAME = AppIcon;
				CLANG_ENABLE_MODULES = YES;
				CODE_SIGN_STYLE = Automatic;
				DEVELOPMENT_TEAM = "";
				FRAMEWORK_SEARCH_PATHS = (
					"$(inherited)",
					"$(PROJECT_DIR)/Frameworks",
					"$(PROJECT_DIR)",
				);
				INFOPLIST_FILE = SplashStrike/Info.plist;
				LD_RUNPATH_SEARCH_PATHS = "$(inherited) @executable_path/Frameworks";
				NEW_SETTING = "";
				PRODUCT_BUNDLE_IDENTIFIER = com.blabola.SplashStrike;
				PRODUCT_NAME = "$(TARGET_NAME)";
				SWIFT_OBJC_BRIDGING_HEADER = "./SplashStrike/Bridging-Header.h";
				SWIFT_VERSION = 4.0;
				TARGETED_DEVICE_FAMILY = "1,2";
			};
			name = Release;
		};
/* End XCBuildConfiguration section */

/* Begin XCConfigurationList section */
		D5AE564F201DB15800656310 /* Build configuration list for PBXProject "SplashStrike" */ = {
			isa = XCConfigurationList;
			buildConfigurations = (
				D5AE5666201DB15800656310 /* Debug */,
				D5AE5667201DB15800656310 /* Release */,
			);
			defaultConfigurationIsVisible = 0;
			defaultConfigurationName = Release;
		};
		D5AE5668201DB15800656310 /* Build configuration list for PBXNativeTarget "SplashStrike" */ = {
			isa = XCConfigurationList;
			buildConfigurations = (
				D5AE5669201DB15800656310 /* Debug */,
				D5AE566A201DB15800656310 /* Release */,
			);
			defaultConfigurationIsVisible = 0;
			defaultConfigurationName = Release;
		};
/* End XCConfigurationList section */
	};
	rootObject = D5AE564C201DB15800656310 /* Project object */;
}
